// !$*UTF8*$!
{
	archiveVersion = 1;
	classes = {
	};
	objectVersion = 55;
	objects = {

/* Begin PBXBuildFile section */
		63075FBF28C1D7590094E117 /* ReleaseNoteCollectionViewCell.swift in Sources */ = {isa = PBXBuildFile; fileRef = 63075FBE28C1D7590094E117 /* ReleaseNoteCollectionViewCell.swift */; };
		63075FC128C1D8590094E117 /* ReleaseNoteCollectionViewCellDesign.swift in Sources */ = {isa = PBXBuildFile; fileRef = 63075FC028C1D8590094E117 /* ReleaseNoteCollectionViewCellDesign.swift */; };
		63075FC328C1F01C0094E117 /* LinkInformationCollectionViewCellDesign.swift in Sources */ = {isa = PBXBuildFile; fileRef = 63075FC228C1F01C0094E117 /* LinkInformationCollectionViewCellDesign.swift */; };
		63075FC528C1F3120094E117 /* AppDetailCollectionViewCellDesign.swift in Sources */ = {isa = PBXBuildFile; fileRef = 63075FC428C1F3120094E117 /* AppDetailCollectionViewCellDesign.swift */; };
		631F096528D088B3002419B7 /* Int+Extension.swift in Sources */ = {isa = PBXBuildFile; fileRef = 631F096428D088B3002419B7 /* Int+Extension.swift */; };
		631F096928D0C539002419B7 /* numberFormattingTest.swift in Sources */ = {isa = PBXBuildFile; fileRef = 631F096828D0C539002419B7 /* numberFormattingTest.swift */; };
		631F096B28D0D05C002419B7 /* PaddingTitleSupplementaryView.swift in Sources */ = {isa = PBXBuildFile; fileRef = 631F096A28D0D05C002419B7 /* PaddingTitleSupplementaryView.swift */; };
		633500AE28CF5CA700398265 /* app_show_roomUITests.swift in Sources */ = {isa = PBXBuildFile; fileRef = 633500AD28CF5CA700398265 /* app_show_roomUITests.swift */; };
		633500B028CF5CA700398265 /* app_show_roomUITestsLaunchTests.swift in Sources */ = {isa = PBXBuildFile; fileRef = 633500AF28CF5CA700398265 /* app_show_roomUITestsLaunchTests.swift */; };
		633A925328A79C2500B3435F /* APIService.swift in Sources */ = {isa = PBXBuildFile; fileRef = 633A925228A79C2500B3435F /* APIService.swift */; };
		633A925528A79E3D00B3435F /* iTunesAPIService.swift in Sources */ = {isa = PBXBuildFile; fileRef = 633A925428A79E3D00B3435F /* iTunesAPIService.swift */; };
		633A925728A7A44A00B3435F /* APIError.swift in Sources */ = {isa = PBXBuildFile; fileRef = 633A925628A7A44A00B3435F /* APIError.swift */; };
		633A926928A7D32300B3435F /* XCTest+Extension.swift in Sources */ = {isa = PBXBuildFile; fileRef = 633A926828A7D32300B3435F /* XCTest+Extension.swift */; };
		633A926B28A7D38B00B3435F /* ParsingTest.swift in Sources */ = {isa = PBXBuildFile; fileRef = 633A926A28A7D38B00B3435F /* ParsingTest.swift */; };
		633A926C28A7D94600B3435F /* lookupAPISuccessResponse.json in Resources */ = {isa = PBXBuildFile; fileRef = 633A926728A7D29C00B3435F /* lookupAPISuccessResponse.json */; };
		633A927028A7DDD200B3435F /* CacheTest.swift in Sources */ = {isa = PBXBuildFile; fileRef = 633A926F28A7DDD200B3435F /* CacheTest.swift */; };
		635D696028C321900002C755 /* TextSymbolView.swift in Sources */ = {isa = PBXBuildFile; fileRef = 635D695F28C321900002C755 /* TextSymbolView.swift */; };
		635D696428C32FED0002C755 /* SummaryCollectionViewCell.swift in Sources */ = {isa = PBXBuildFile; fileRef = 635D696328C32FED0002C755 /* SummaryCollectionViewCell.swift */; };
		6384E5CA28BCDD3800563FD5 /* ScreenshotGalleryViewModel.swift in Sources */ = {isa = PBXBuildFile; fileRef = 6384E5C928BCDD3800563FD5 /* ScreenshotGalleryViewModel.swift */; };
		6384E5CC28BCE54600563FD5 /* LargeScreenshotCollectionViewCell.swift in Sources */ = {isa = PBXBuildFile; fileRef = 6384E5CB28BCE54600563FD5 /* LargeScreenshotCollectionViewCell.swift */; };
		6384E5CE28BCED6E00563FD5 /* ScreenshotCollectionViewCellDesign.swift in Sources */ = {isa = PBXBuildFile; fileRef = 6384E5CD28BCED6E00563FD5 /* ScreenshotCollectionViewCellDesign.swift */; };
		6384EC4728AB2D2800D1F821 /* ScreenshotCollectionViewCell.swift in Sources */ = {isa = PBXBuildFile; fileRef = 6384EC4628AB2D2800D1F821 /* ScreenshotCollectionViewCell.swift */; };
		6384EC4B28AB2E6300D1F821 /* NSObject+Extension.swift in Sources */ = {isa = PBXBuildFile; fileRef = 6384EC4A28AB2E6300D1F821 /* NSObject+Extension.swift */; };
		6384EC4D28AB2E7C00D1F821 /* UICollectionView+Extension.swift in Sources */ = {isa = PBXBuildFile; fileRef = 6384EC4C28AB2E7C00D1F821 /* UICollectionView+Extension.swift */; };
		6384EC5828AB7DB900D1F821 /* DescriptionCollectionViewCell.swift in Sources */ = {isa = PBXBuildFile; fileRef = 6384EC5728AB7DB900D1F821 /* DescriptionCollectionViewCell.swift */; };
		6384EC7C28AC800A00D1F821 /* UIView+Extension.swift in Sources */ = {isa = PBXBuildFile; fileRef = 6384EC7B28AC800A00D1F821 /* UIView+Extension.swift */; };
		6384EC7E28AC83B100D1F821 /* AppDetailViewController.swift in Sources */ = {isa = PBXBuildFile; fileRef = 6384EC7D28AC83B100D1F821 /* AppDetailViewController.swift */; };
		6384EC8128ACC5B200D1F821 /* SignboardCollectionViewCellDesign.swift in Sources */ = {isa = PBXBuildFile; fileRef = 6384EC8028ACC5B200D1F821 /* SignboardCollectionViewCellDesign.swift */; };
		6384EC8328AD221700D1F821 /* DescriptionCollectionViewCellDesign.swift in Sources */ = {isa = PBXBuildFile; fileRef = 6384EC8228AD221700D1F821 /* DescriptionCollectionViewCellDesign.swift */; };
		6384EC8528AD2A5C00D1F821 /* ScreenshotGalleryViewController.swift in Sources */ = {isa = PBXBuildFile; fileRef = 6384EC8428AD2A5C00D1F821 /* ScreenshotGalleryViewController.swift */; };
		63861EB628AA10990062A8BD /* AppSearchViewModel.swift in Sources */ = {isa = PBXBuildFile; fileRef = 63861EB528AA10990062A8BD /* AppSearchViewModel.swift */; };
		63861EB928AA1ACB0062A8BD /* App.swift in Sources */ = {isa = PBXBuildFile; fileRef = 63861EB828AA1ACB0062A8BD /* App.swift */; };
		63861EBB28AA1AF50062A8BD /* AppLookupResults.swift in Sources */ = {isa = PBXBuildFile; fileRef = 63861EBA28AA1AF50062A8BD /* AppLookupResults.swift */; };
		63861EBE28AA1D090062A8BD /* AlertViewModel.swift in Sources */ = {isa = PBXBuildFile; fileRef = 63861EBD28AA1D090062A8BD /* AlertViewModel.swift */; };
		63861EC628AA43450062A8BD /* AppDetailViewModel.swift in Sources */ = {isa = PBXBuildFile; fileRef = 63861EC528AA43450062A8BD /* AppDetailViewModel.swift */; };
		63861EC928AA55630062A8BD /* BaseCollectionViewCell.swift in Sources */ = {isa = PBXBuildFile; fileRef = 63861EC828AA55630062A8BD /* BaseCollectionViewCell.swift */; };
		63861ECD28AA6F1D0062A8BD /* SignboardCollectionViewCell.swift in Sources */ = {isa = PBXBuildFile; fileRef = 63861ECC28AA6F1D0062A8BD /* SignboardCollectionViewCell.swift */; };
		63861ECF28AAA2530062A8BD /* UIImageView+Extension.swift in Sources */ = {isa = PBXBuildFile; fileRef = 63861ECE28AAA2530062A8BD /* UIImageView+Extension.swift */; };
		63861ED228AAA3C10062A8BD /* ImageCache.swift in Sources */ = {isa = PBXBuildFile; fileRef = 63861ED128AAA3C10062A8BD /* ImageCache.swift */; };
		63861ED428AAA9950062A8BD /* UIImage+Extension.swift in Sources */ = {isa = PBXBuildFile; fileRef = 63861ED328AAA9950062A8BD /* UIImage+Extension.swift */; };
		638722D828A8D3E100A6ED7B /* ItunesAppDetailRepository.swift in Sources */ = {isa = PBXBuildFile; fileRef = 638722D728A8D3E100A6ED7B /* ItunesAppDetailRepository.swift */; };
		638722DE28A926BB00A6ED7B /* iTunesAppDetailRepositoryTest.swift in Sources */ = {isa = PBXBuildFile; fileRef = 638722DD28A926BB00A6ED7B /* iTunesAppDetailRepositoryTest.swift */; };
		638722E028A9278800A6ED7B /* MockURLProtocol.swift in Sources */ = {isa = PBXBuildFile; fileRef = 638722DF28A9278800A6ED7B /* MockURLProtocol.swift */; };
		638722E228A9363600A6ED7B /* lookupAPIEmptyResultResponse.json in Resources */ = {isa = PBXBuildFile; fileRef = 638722E128A935A900A6ED7B /* lookupAPIEmptyResultResponse.json */; };
		638722E828A948C900A6ED7B /* AppSearchUsecase.swift in Sources */ = {isa = PBXBuildFile; fileRef = 638722E728A948C900A6ED7B /* AppSearchUsecase.swift */; };
		638722EE28A95F9800A6ED7B /* Observable.swift in Sources */ = {isa = PBXBuildFile; fileRef = 638722ED28A95F9800A6ED7B /* Observable.swift */; };
		6388DE3E28A6404E0011D47E /* AppDelegate.swift in Sources */ = {isa = PBXBuildFile; fileRef = 6388DE3D28A6404E0011D47E /* AppDelegate.swift */; };
		6388DE4028A6404E0011D47E /* SceneDelegate.swift in Sources */ = {isa = PBXBuildFile; fileRef = 6388DE3F28A6404E0011D47E /* SceneDelegate.swift */; };
		6388DE4228A6404E0011D47E /* SearchViewController.swift in Sources */ = {isa = PBXBuildFile; fileRef = 6388DE4128A6404E0011D47E /* SearchViewController.swift */; };
		6388DE4728A640500011D47E /* Assets.xcassets in Resources */ = {isa = PBXBuildFile; fileRef = 6388DE4628A640500011D47E /* Assets.xcassets */; };
		6388DE4A28A640500011D47E /* LaunchScreen.storyboard in Resources */ = {isa = PBXBuildFile; fileRef = 6388DE4828A640500011D47E /* LaunchScreen.storyboard */; };
		6388DE5828A66BF70011D47E /* AppDetail.swift in Sources */ = {isa = PBXBuildFile; fileRef = 6388DE5728A66BF70011D47E /* AppDetail.swift */; };
		6388DE5A28A68E090011D47E /* AppSearchSceneNamespace.swift in Sources */ = {isa = PBXBuildFile; fileRef = 6388DE5928A68E090011D47E /* AppSearchSceneNamespace.swift */; };
		6388DE5D28A691820011D47E /* AppGenre.swift in Sources */ = {isa = PBXBuildFile; fileRef = 6388DE5C28A691820011D47E /* AppGenre.swift */; };
		6388DE6028A6A5430011D47E /* HTTPMethod.swift in Sources */ = {isa = PBXBuildFile; fileRef = 6388DE5F28A6A5430011D47E /* HTTPMethod.swift */; };
		6388DE6228A6A56A0011D47E /* APIRequest.swift in Sources */ = {isa = PBXBuildFile; fileRef = 6388DE6128A6A56A0011D47E /* APIRequest.swift */; };
		6388DE6528A6C71E0011D47E /* AppLookupAPIRequest.swift in Sources */ = {isa = PBXBuildFile; fileRef = 6388DE6428A6C71E0011D47E /* AppLookupAPIRequest.swift */; };
		6388DE6728A6CAB70011D47E /* iTunesAPIRequest.swift in Sources */ = {isa = PBXBuildFile; fileRef = 6388DE6628A6CAB70011D47E /* iTunesAPIRequest.swift */; };
		6395706128C624D6002D56CF /* TitleSupplementaryView.swift in Sources */ = {isa = PBXBuildFile; fileRef = 6395706028C624D6002D56CF /* TitleSupplementaryView.swift */; };
		63A66F4C28C0889900F3B4D0 /* Text.swift in Sources */ = {isa = PBXBuildFile; fileRef = 63A66F4B28C0889900F3B4D0 /* Text.swift */; };
		63A66F4E28C0C1FE00F3B4D0 /* LinkInformationCollectionViewCell.swift in Sources */ = {isa = PBXBuildFile; fileRef = 63A66F4D28C0C1FE00F3B4D0 /* LinkInformationCollectionViewCell.swift */; };
		63A764F828BDFF8C003B1EAA /* IconView.swift in Sources */ = {isa = PBXBuildFile; fileRef = 63A764F728BDFF8C003B1EAA /* IconView.swift */; };
		63A764FC28BE0C6E003B1EAA /* DownloadButtonView.swift in Sources */ = {isa = PBXBuildFile; fileRef = 63A764FB28BE0C6E003B1EAA /* DownloadButtonView.swift */; };
		63AA535F28BEFD45000FB5DD /* String+Extension.swift in Sources */ = {isa = PBXBuildFile; fileRef = 63AA535E28BEFD45000FB5DD /* String+Extension.swift */; };
		63AA537128BF3E15000FB5DD /* ByteFormattingTest.swift in Sources */ = {isa = PBXBuildFile; fileRef = 63AA537028BF3E15000FB5DD /* ByteFormattingTest.swift */; };
		63AE68BE28C48477003068DD /* SummaryCollectionViewCellDesign.swift in Sources */ = {isa = PBXBuildFile; fileRef = 63AE68BD28C48477003068DD /* SummaryCollectionViewCellDesign.swift */; };
		63F72DD828C79164000C789B /* AppDetailViewDesign.swift in Sources */ = {isa = PBXBuildFile; fileRef = 63F72DD728C79164000C789B /* AppDetailViewDesign.swift */; };
/* End PBXBuildFile section */

/* Begin PBXContainerItemProxy section */
		633500B128CF5CA700398265 /* PBXContainerItemProxy */ = {
			isa = PBXContainerItemProxy;
			containerPortal = 6388DE3228A6404E0011D47E /* Project object */;
			proxyType = 1;
			remoteGlobalIDString = 6388DE3928A6404E0011D47E;
			remoteInfo = "app-show-room";
		};
		633A926128A7D15700B3435F /* PBXContainerItemProxy */ = {
			isa = PBXContainerItemProxy;
			containerPortal = 6388DE3228A6404E0011D47E /* Project object */;
			proxyType = 1;
			remoteGlobalIDString = 6388DE3928A6404E0011D47E;
			remoteInfo = "app-show-room";
		};
		63AA536828BF3DBA000FB5DD /* PBXContainerItemProxy */ = {
			isa = PBXContainerItemProxy;
			containerPortal = 6388DE3228A6404E0011D47E /* Project object */;
			proxyType = 1;
			remoteGlobalIDString = 6388DE3928A6404E0011D47E;
			remoteInfo = "app-show-room";
		};
/* End PBXContainerItemProxy section */

/* Begin PBXFileReference section */
		63075FBE28C1D7590094E117 /* ReleaseNoteCollectionViewCell.swift */ = {isa = PBXFileReference; lastKnownFileType = sourcecode.swift; path = ReleaseNoteCollectionViewCell.swift; sourceTree = "<group>"; };
		63075FC028C1D8590094E117 /* ReleaseNoteCollectionViewCellDesign.swift */ = {isa = PBXFileReference; lastKnownFileType = sourcecode.swift; path = ReleaseNoteCollectionViewCellDesign.swift; sourceTree = "<group>"; };
		63075FC228C1F01C0094E117 /* LinkInformationCollectionViewCellDesign.swift */ = {isa = PBXFileReference; lastKnownFileType = sourcecode.swift; path = LinkInformationCollectionViewCellDesign.swift; sourceTree = "<group>"; };
		63075FC428C1F3120094E117 /* AppDetailCollectionViewCellDesign.swift */ = {isa = PBXFileReference; lastKnownFileType = sourcecode.swift; path = AppDetailCollectionViewCellDesign.swift; sourceTree = "<group>"; };
		631F096428D088B3002419B7 /* Int+Extension.swift */ = {isa = PBXFileReference; lastKnownFileType = sourcecode.swift; path = "Int+Extension.swift"; sourceTree = "<group>"; };
		631F096828D0C539002419B7 /* numberFormattingTest.swift */ = {isa = PBXFileReference; lastKnownFileType = sourcecode.swift; path = numberFormattingTest.swift; sourceTree = "<group>"; };
		631F096A28D0D05C002419B7 /* PaddingTitleSupplementaryView.swift */ = {isa = PBXFileReference; lastKnownFileType = sourcecode.swift; path = PaddingTitleSupplementaryView.swift; sourceTree = "<group>"; };
		633500AB28CF5CA700398265 /* app-show-roomUITests.xctest */ = {isa = PBXFileReference; explicitFileType = wrapper.cfbundle; includeInIndex = 0; path = "app-show-roomUITests.xctest"; sourceTree = BUILT_PRODUCTS_DIR; };
		633500AD28CF5CA700398265 /* app_show_roomUITests.swift */ = {isa = PBXFileReference; lastKnownFileType = sourcecode.swift; path = app_show_roomUITests.swift; sourceTree = "<group>"; };
		633500AF28CF5CA700398265 /* app_show_roomUITestsLaunchTests.swift */ = {isa = PBXFileReference; lastKnownFileType = sourcecode.swift; path = app_show_roomUITestsLaunchTests.swift; sourceTree = "<group>"; };
		633A925228A79C2500B3435F /* APIService.swift */ = {isa = PBXFileReference; lastKnownFileType = sourcecode.swift; path = APIService.swift; sourceTree = "<group>"; };
		633A925428A79E3D00B3435F /* iTunesAPIService.swift */ = {isa = PBXFileReference; lastKnownFileType = sourcecode.swift; path = iTunesAPIService.swift; sourceTree = "<group>"; };
		633A925628A7A44A00B3435F /* APIError.swift */ = {isa = PBXFileReference; lastKnownFileType = sourcecode.swift; path = APIError.swift; sourceTree = "<group>"; };
		633A925D28A7D15700B3435F /* iTunesAPITests.xctest */ = {isa = PBXFileReference; explicitFileType = wrapper.cfbundle; includeInIndex = 0; path = iTunesAPITests.xctest; sourceTree = BUILT_PRODUCTS_DIR; };
		633A926728A7D29C00B3435F /* lookupAPISuccessResponse.json */ = {isa = PBXFileReference; lastKnownFileType = text.json; path = lookupAPISuccessResponse.json; sourceTree = "<group>"; };
		633A926828A7D32300B3435F /* XCTest+Extension.swift */ = {isa = PBXFileReference; lastKnownFileType = sourcecode.swift; path = "XCTest+Extension.swift"; sourceTree = "<group>"; };
		633A926A28A7D38B00B3435F /* ParsingTest.swift */ = {isa = PBXFileReference; lastKnownFileType = sourcecode.swift; path = ParsingTest.swift; sourceTree = "<group>"; };
		633A926F28A7DDD200B3435F /* CacheTest.swift */ = {isa = PBXFileReference; lastKnownFileType = sourcecode.swift; path = CacheTest.swift; sourceTree = "<group>"; };
		635D695F28C321900002C755 /* TextSymbolView.swift */ = {isa = PBXFileReference; lastKnownFileType = sourcecode.swift; path = TextSymbolView.swift; sourceTree = "<group>"; };
		635D696328C32FED0002C755 /* SummaryCollectionViewCell.swift */ = {isa = PBXFileReference; lastKnownFileType = sourcecode.swift; path = SummaryCollectionViewCell.swift; sourceTree = "<group>"; };
		6384E5C928BCDD3800563FD5 /* ScreenshotGalleryViewModel.swift */ = {isa = PBXFileReference; lastKnownFileType = sourcecode.swift; path = ScreenshotGalleryViewModel.swift; sourceTree = "<group>"; };
		6384E5CB28BCE54600563FD5 /* LargeScreenshotCollectionViewCell.swift */ = {isa = PBXFileReference; lastKnownFileType = sourcecode.swift; path = LargeScreenshotCollectionViewCell.swift; sourceTree = "<group>"; };
		6384E5CD28BCED6E00563FD5 /* ScreenshotCollectionViewCellDesign.swift */ = {isa = PBXFileReference; lastKnownFileType = sourcecode.swift; path = ScreenshotCollectionViewCellDesign.swift; sourceTree = "<group>"; };
		6384EC4628AB2D2800D1F821 /* ScreenshotCollectionViewCell.swift */ = {isa = PBXFileReference; lastKnownFileType = sourcecode.swift; path = ScreenshotCollectionViewCell.swift; sourceTree = "<group>"; };
		6384EC4A28AB2E6300D1F821 /* NSObject+Extension.swift */ = {isa = PBXFileReference; lastKnownFileType = sourcecode.swift; path = "NSObject+Extension.swift"; sourceTree = "<group>"; };
		6384EC4C28AB2E7C00D1F821 /* UICollectionView+Extension.swift */ = {isa = PBXFileReference; lastKnownFileType = sourcecode.swift; path = "UICollectionView+Extension.swift"; sourceTree = "<group>"; };
		6384EC5728AB7DB900D1F821 /* DescriptionCollectionViewCell.swift */ = {isa = PBXFileReference; lastKnownFileType = sourcecode.swift; path = DescriptionCollectionViewCell.swift; sourceTree = "<group>"; };
		6384EC7B28AC800A00D1F821 /* UIView+Extension.swift */ = {isa = PBXFileReference; lastKnownFileType = sourcecode.swift; path = "UIView+Extension.swift"; sourceTree = "<group>"; };
		6384EC7D28AC83B100D1F821 /* AppDetailViewController.swift */ = {isa = PBXFileReference; lastKnownFileType = sourcecode.swift; path = AppDetailViewController.swift; sourceTree = "<group>"; };
		6384EC8028ACC5B200D1F821 /* SignboardCollectionViewCellDesign.swift */ = {isa = PBXFileReference; lastKnownFileType = sourcecode.swift; path = SignboardCollectionViewCellDesign.swift; sourceTree = "<group>"; };
		6384EC8228AD221700D1F821 /* DescriptionCollectionViewCellDesign.swift */ = {isa = PBXFileReference; lastKnownFileType = sourcecode.swift; path = DescriptionCollectionViewCellDesign.swift; sourceTree = "<group>"; };
		6384EC8428AD2A5C00D1F821 /* ScreenshotGalleryViewController.swift */ = {isa = PBXFileReference; lastKnownFileType = sourcecode.swift; path = ScreenshotGalleryViewController.swift; sourceTree = "<group>"; };
		63861EB528AA10990062A8BD /* AppSearchViewModel.swift */ = {isa = PBXFileReference; lastKnownFileType = sourcecode.swift; path = AppSearchViewModel.swift; sourceTree = "<group>"; };
		63861EB828AA1ACB0062A8BD /* App.swift */ = {isa = PBXFileReference; lastKnownFileType = sourcecode.swift; path = App.swift; sourceTree = "<group>"; };
		63861EBA28AA1AF50062A8BD /* AppLookupResults.swift */ = {isa = PBXFileReference; lastKnownFileType = sourcecode.swift; path = AppLookupResults.swift; sourceTree = "<group>"; };
		63861EBD28AA1D090062A8BD /* AlertViewModel.swift */ = {isa = PBXFileReference; lastKnownFileType = sourcecode.swift; path = AlertViewModel.swift; sourceTree = "<group>"; };
		63861EC528AA43450062A8BD /* AppDetailViewModel.swift */ = {isa = PBXFileReference; lastKnownFileType = sourcecode.swift; path = AppDetailViewModel.swift; sourceTree = "<group>"; };
		63861EC828AA55630062A8BD /* BaseCollectionViewCell.swift */ = {isa = PBXFileReference; lastKnownFileType = sourcecode.swift; path = BaseCollectionViewCell.swift; sourceTree = "<group>"; };
		63861ECC28AA6F1D0062A8BD /* SignboardCollectionViewCell.swift */ = {isa = PBXFileReference; lastKnownFileType = sourcecode.swift; path = SignboardCollectionViewCell.swift; sourceTree = "<group>"; };
		63861ECE28AAA2530062A8BD /* UIImageView+Extension.swift */ = {isa = PBXFileReference; lastKnownFileType = sourcecode.swift; path = "UIImageView+Extension.swift"; sourceTree = "<group>"; };
		63861ED128AAA3C10062A8BD /* ImageCache.swift */ = {isa = PBXFileReference; lastKnownFileType = sourcecode.swift; path = ImageCache.swift; sourceTree = "<group>"; };
		63861ED328AAA9950062A8BD /* UIImage+Extension.swift */ = {isa = PBXFileReference; lastKnownFileType = sourcecode.swift; path = "UIImage+Extension.swift"; sourceTree = "<group>"; };
		638722D728A8D3E100A6ED7B /* ItunesAppDetailRepository.swift */ = {isa = PBXFileReference; lastKnownFileType = sourcecode.swift; path = ItunesAppDetailRepository.swift; sourceTree = "<group>"; };
		638722DD28A926BB00A6ED7B /* iTunesAppDetailRepositoryTest.swift */ = {isa = PBXFileReference; lastKnownFileType = sourcecode.swift; path = iTunesAppDetailRepositoryTest.swift; sourceTree = "<group>"; };
		638722DF28A9278800A6ED7B /* MockURLProtocol.swift */ = {isa = PBXFileReference; lastKnownFileType = sourcecode.swift; path = MockURLProtocol.swift; sourceTree = "<group>"; };
		638722E128A935A900A6ED7B /* lookupAPIEmptyResultResponse.json */ = {isa = PBXFileReference; lastKnownFileType = text.json; path = lookupAPIEmptyResultResponse.json; sourceTree = "<group>"; };
		638722E728A948C900A6ED7B /* AppSearchUsecase.swift */ = {isa = PBXFileReference; lastKnownFileType = sourcecode.swift; path = AppSearchUsecase.swift; sourceTree = "<group>"; };
		638722ED28A95F9800A6ED7B /* Observable.swift */ = {isa = PBXFileReference; lastKnownFileType = sourcecode.swift; path = Observable.swift; sourceTree = "<group>"; };
		6388DE3A28A6404E0011D47E /* app-show-room.app */ = {isa = PBXFileReference; explicitFileType = wrapper.application; includeInIndex = 0; path = "app-show-room.app"; sourceTree = BUILT_PRODUCTS_DIR; };
		6388DE3D28A6404E0011D47E /* AppDelegate.swift */ = {isa = PBXFileReference; lastKnownFileType = sourcecode.swift; path = AppDelegate.swift; sourceTree = "<group>"; };
		6388DE3F28A6404E0011D47E /* SceneDelegate.swift */ = {isa = PBXFileReference; lastKnownFileType = sourcecode.swift; path = SceneDelegate.swift; sourceTree = "<group>"; };
		6388DE4128A6404E0011D47E /* SearchViewController.swift */ = {isa = PBXFileReference; lastKnownFileType = sourcecode.swift; path = SearchViewController.swift; sourceTree = "<group>"; };
		6388DE4628A640500011D47E /* Assets.xcassets */ = {isa = PBXFileReference; lastKnownFileType = folder.assetcatalog; path = Assets.xcassets; sourceTree = "<group>"; };
		6388DE4928A640500011D47E /* Base */ = {isa = PBXFileReference; lastKnownFileType = file.storyboard; name = Base; path = Base.lproj/LaunchScreen.storyboard; sourceTree = "<group>"; };
		6388DE4B28A640500011D47E /* Info.plist */ = {isa = PBXFileReference; lastKnownFileType = text.plist.xml; path = Info.plist; sourceTree = "<group>"; };
		6388DE5728A66BF70011D47E /* AppDetail.swift */ = {isa = PBXFileReference; lastKnownFileType = sourcecode.swift; path = AppDetail.swift; sourceTree = "<group>"; };
		6388DE5928A68E090011D47E /* AppSearchSceneNamespace.swift */ = {isa = PBXFileReference; lastKnownFileType = sourcecode.swift; path = AppSearchSceneNamespace.swift; sourceTree = "<group>"; };
		6388DE5C28A691820011D47E /* AppGenre.swift */ = {isa = PBXFileReference; lastKnownFileType = sourcecode.swift; path = AppGenre.swift; sourceTree = "<group>"; };
		6388DE5F28A6A5430011D47E /* HTTPMethod.swift */ = {isa = PBXFileReference; lastKnownFileType = sourcecode.swift; path = HTTPMethod.swift; sourceTree = "<group>"; };
		6388DE6128A6A56A0011D47E /* APIRequest.swift */ = {isa = PBXFileReference; lastKnownFileType = sourcecode.swift; path = APIRequest.swift; sourceTree = "<group>"; };
		6388DE6428A6C71E0011D47E /* AppLookupAPIRequest.swift */ = {isa = PBXFileReference; lastKnownFileType = sourcecode.swift; path = AppLookupAPIRequest.swift; sourceTree = "<group>"; };
		6388DE6628A6CAB70011D47E /* iTunesAPIRequest.swift */ = {isa = PBXFileReference; lastKnownFileType = sourcecode.swift; path = iTunesAPIRequest.swift; sourceTree = "<group>"; };
		6395706028C624D6002D56CF /* TitleSupplementaryView.swift */ = {isa = PBXFileReference; lastKnownFileType = sourcecode.swift; path = TitleSupplementaryView.swift; sourceTree = "<group>"; };
		63A66F4B28C0889900F3B4D0 /* Text.swift */ = {isa = PBXFileReference; lastKnownFileType = sourcecode.swift; path = Text.swift; sourceTree = "<group>"; };
		63A66F4D28C0C1FE00F3B4D0 /* LinkInformationCollectionViewCell.swift */ = {isa = PBXFileReference; lastKnownFileType = sourcecode.swift; path = LinkInformationCollectionViewCell.swift; sourceTree = "<group>"; };
		63A764F728BDFF8C003B1EAA /* IconView.swift */ = {isa = PBXFileReference; lastKnownFileType = sourcecode.swift; path = IconView.swift; sourceTree = "<group>"; };
		63A764FB28BE0C6E003B1EAA /* DownloadButtonView.swift */ = {isa = PBXFileReference; lastKnownFileType = sourcecode.swift; path = DownloadButtonView.swift; sourceTree = "<group>"; };
		63AA535E28BEFD45000FB5DD /* String+Extension.swift */ = {isa = PBXFileReference; lastKnownFileType = sourcecode.swift; path = "String+Extension.swift"; sourceTree = "<group>"; };
		63AA536428BF3DBA000FB5DD /* app-show-room-unitTest.xctest */ = {isa = PBXFileReference; explicitFileType = wrapper.cfbundle; includeInIndex = 0; path = "app-show-room-unitTest.xctest"; sourceTree = BUILT_PRODUCTS_DIR; };
		63AA537028BF3E15000FB5DD /* ByteFormattingTest.swift */ = {isa = PBXFileReference; lastKnownFileType = sourcecode.swift; path = ByteFormattingTest.swift; sourceTree = "<group>"; };
		63AE68BD28C48477003068DD /* SummaryCollectionViewCellDesign.swift */ = {isa = PBXFileReference; lastKnownFileType = sourcecode.swift; path = SummaryCollectionViewCellDesign.swift; sourceTree = "<group>"; };
		63F72DD728C79164000C789B /* AppDetailViewDesign.swift */ = {isa = PBXFileReference; lastKnownFileType = sourcecode.swift; path = AppDetailViewDesign.swift; sourceTree = "<group>"; };
/* End PBXFileReference section */

/* Begin PBXFrameworksBuildPhase section */
		633500A828CF5CA700398265 /* Frameworks */ = {
			isa = PBXFrameworksBuildPhase;
			buildActionMask = 2147483647;
			files = (
			);
			runOnlyForDeploymentPostprocessing = 0;
		};
		633A925A28A7D15700B3435F /* Frameworks */ = {
			isa = PBXFrameworksBuildPhase;
			buildActionMask = 2147483647;
			files = (
			);
			runOnlyForDeploymentPostprocessing = 0;
		};
		6388DE3728A6404E0011D47E /* Frameworks */ = {
			isa = PBXFrameworksBuildPhase;
			buildActionMask = 2147483647;
			files = (
			);
			runOnlyForDeploymentPostprocessing = 0;
		};
		63AA536128BF3DBA000FB5DD /* Frameworks */ = {
			isa = PBXFrameworksBuildPhase;
			buildActionMask = 2147483647;
			files = (
			);
			runOnlyForDeploymentPostprocessing = 0;
		};
/* End PBXFrameworksBuildPhase section */

/* Begin PBXGroup section */
		633500AC28CF5CA700398265 /* app-show-roomUITests */ = {
			isa = PBXGroup;
			children = (
				633500AD28CF5CA700398265 /* app_show_roomUITests.swift */,
				633500AF28CF5CA700398265 /* app_show_roomUITestsLaunchTests.swift */,
			);
			path = "app-show-roomUITests";
			sourceTree = "<group>";
		};
		633A925E28A7D15700B3435F /* iTunesAPITests */ = {
			isa = PBXGroup;
			children = (
				638722DA28A9267100A6ED7B /* Util */,
				633A926628A7D16900B3435F /* Resource */,
				633A926A28A7D38B00B3435F /* ParsingTest.swift */,
				633A926F28A7DDD200B3435F /* CacheTest.swift */,
				638722DD28A926BB00A6ED7B /* iTunesAppDetailRepositoryTest.swift */,
			);
			path = iTunesAPITests;
			sourceTree = "<group>";
		};
		633A926628A7D16900B3435F /* Resource */ = {
			isa = PBXGroup;
			children = (
				633A926728A7D29C00B3435F /* lookupAPISuccessResponse.json */,
				638722E128A935A900A6ED7B /* lookupAPIEmptyResultResponse.json */,
			);
			path = Resource;
			sourceTree = "<group>";
		};
		6384E5C228BCD2B400563FD5 /* ViewController */ = {
			isa = PBXGroup;
			children = (
				6384EC7D28AC83B100D1F821 /* AppDetailViewController.swift */,
				63F72DD728C79164000C789B /* AppDetailViewDesign.swift */,
			);
			path = ViewController;
			sourceTree = "<group>";
		};
		6384E5C328BCD2CD00563FD5 /* Cell */ = {
			isa = PBXGroup;
			children = (
				6384EC7F28ACC59A00D1F821 /* Design */,
				63861ECC28AA6F1D0062A8BD /* SignboardCollectionViewCell.swift */,
				635D696328C32FED0002C755 /* SummaryCollectionViewCell.swift */,
				63075FBE28C1D7590094E117 /* ReleaseNoteCollectionViewCell.swift */,
				63A66F4D28C0C1FE00F3B4D0 /* LinkInformationCollectionViewCell.swift */,
				6384EC5728AB7DB900D1F821 /* DescriptionCollectionViewCell.swift */,
				6395706028C624D6002D56CF /* TitleSupplementaryView.swift */,
				631F096A28D0D05C002419B7 /* PaddingTitleSupplementaryView.swift */,
			);
			path = Cell;
			sourceTree = "<group>";
		};
		6384E5C428BCD44800563FD5 /* ScreenshotGallery */ = {
			isa = PBXGroup;
			children = (
				6384E5C528BCD46100563FD5 /* ViewController */,
				6384E5C828BCDD2100563FD5 /* ViewModel */,
			);
			path = ScreenshotGallery;
			sourceTree = "<group>";
		};
		6384E5C528BCD46100563FD5 /* ViewController */ = {
			isa = PBXGroup;
			children = (
				6384EC8428AD2A5C00D1F821 /* ScreenshotGalleryViewController.swift */,
			);
			path = ViewController;
			sourceTree = "<group>";
		};
		6384E5C728BCDA6000563FD5 /* CollectionViewCell */ = {
			isa = PBXGroup;
			children = (
				63861EC828AA55630062A8BD /* BaseCollectionViewCell.swift */,
				6384EC5228AB47FD00D1F821 /* ScreenshotCollectionViewCell */,
			);
			path = CollectionViewCell;
			sourceTree = "<group>";
		};
		6384E5C828BCDD2100563FD5 /* ViewModel */ = {
			isa = PBXGroup;
			children = (
				6384E5C928BCDD3800563FD5 /* ScreenshotGalleryViewModel.swift */,
			);
			path = ViewModel;
			sourceTree = "<group>";
		};
		6384EC4828AB2E0000D1F821 /* UIKit+Extension */ = {
			isa = PBXGroup;
			children = (
				63861ECE28AAA2530062A8BD /* UIImageView+Extension.swift */,
				63861ED328AAA9950062A8BD /* UIImage+Extension.swift */,
				6384EC4C28AB2E7C00D1F821 /* UICollectionView+Extension.swift */,
				6384EC7B28AC800A00D1F821 /* UIView+Extension.swift */,
			);
			path = "UIKit+Extension";
			sourceTree = "<group>";
		};
		6384EC4928AB2E0F00D1F821 /* Swift+Extension */ = {
			isa = PBXGroup;
			children = (
				6384EC4A28AB2E6300D1F821 /* NSObject+Extension.swift */,
				63AA535E28BEFD45000FB5DD /* String+Extension.swift */,
				631F096428D088B3002419B7 /* Int+Extension.swift */,
			);
			path = "Swift+Extension";
			sourceTree = "<group>";
		};
		6384EC5228AB47FD00D1F821 /* ScreenshotCollectionViewCell */ = {
			isa = PBXGroup;
			children = (
				6384EC4628AB2D2800D1F821 /* ScreenshotCollectionViewCell.swift */,
				6384E5CB28BCE54600563FD5 /* LargeScreenshotCollectionViewCell.swift */,
				6384E5CD28BCED6E00563FD5 /* ScreenshotCollectionViewCellDesign.swift */,
			);
			path = ScreenshotCollectionViewCell;
			sourceTree = "<group>";
		};
		6384EC7F28ACC59A00D1F821 /* Design */ = {
			isa = PBXGroup;
			children = (
				63075FC428C1F3120094E117 /* AppDetailCollectionViewCellDesign.swift */,
				6384EC8028ACC5B200D1F821 /* SignboardCollectionViewCellDesign.swift */,
				63AE68BD28C48477003068DD /* SummaryCollectionViewCellDesign.swift */,
				6384EC8228AD221700D1F821 /* DescriptionCollectionViewCellDesign.swift */,
				63075FC028C1D8590094E117 /* ReleaseNoteCollectionViewCellDesign.swift */,
				63075FC228C1F01C0094E117 /* LinkInformationCollectionViewCellDesign.swift */,
			);
			path = Design;
			sourceTree = "<group>";
		};
		63861EB728AA1ABC0062A8BD /* Entity */ = {
			isa = PBXGroup;
			children = (
				63861EBA28AA1AF50062A8BD /* AppLookupResults.swift */,
				63861EB828AA1ACB0062A8BD /* App.swift */,
			);
			path = Entity;
			sourceTree = "<group>";
		};
		63861EBF28AA41F00062A8BD /* Scene */ = {
			isa = PBXGroup;
			children = (
				6388DE5B28A6907C0011D47E /* CommonNamespace */,
				63861EC028AA41F90062A8BD /* Search */,
				63861EC328AA432C0062A8BD /* AppDetail */,
				6384E5C428BCD44800563FD5 /* ScreenshotGallery */,
			);
			path = Scene;
			sourceTree = "<group>";
		};
		63861EC028AA41F90062A8BD /* Search */ = {
			isa = PBXGroup;
			children = (
				63861EC128AA42190062A8BD /* ViewController */,
				63861EC228AA421E0062A8BD /* ViewModel */,
			);
			path = Search;
			sourceTree = "<group>";
		};
		63861EC128AA42190062A8BD /* ViewController */ = {
			isa = PBXGroup;
			children = (
				6388DE4128A6404E0011D47E /* SearchViewController.swift */,
			);
			path = ViewController;
			sourceTree = "<group>";
		};
		63861EC228AA421E0062A8BD /* ViewModel */ = {
			isa = PBXGroup;
			children = (
				63861EB528AA10990062A8BD /* AppSearchViewModel.swift */,
				6388DE5928A68E090011D47E /* AppSearchSceneNamespace.swift */,
			);
			path = ViewModel;
			sourceTree = "<group>";
		};
		63861EC328AA432C0062A8BD /* AppDetail */ = {
			isa = PBXGroup;
			children = (
				6384E5C228BCD2B400563FD5 /* ViewController */,
				6384E5C328BCD2CD00563FD5 /* Cell */,
				63861EC428AA43360062A8BD /* ViewModel */,
			);
			path = AppDetail;
			sourceTree = "<group>";
		};
		63861EC428AA43360062A8BD /* ViewModel */ = {
			isa = PBXGroup;
			children = (
				63861EC528AA43450062A8BD /* AppDetailViewModel.swift */,
			);
			path = ViewModel;
			sourceTree = "<group>";
		};
		638722D928A8D3E600A6ED7B /* Repository */ = {
			isa = PBXGroup;
			children = (
				638722D728A8D3E100A6ED7B /* ItunesAppDetailRepository.swift */,
			);
			path = Repository;
			sourceTree = "<group>";
		};
		638722DA28A9267100A6ED7B /* Util */ = {
			isa = PBXGroup;
			children = (
				633A926828A7D32300B3435F /* XCTest+Extension.swift */,
				638722DF28A9278800A6ED7B /* MockURLProtocol.swift */,
			);
			path = Util;
			sourceTree = "<group>";
		};
		638722E628A948B700A6ED7B /* Usecase */ = {
			isa = PBXGroup;
			children = (
				638722E728A948C900A6ED7B /* AppSearchUsecase.swift */,
			);
			path = Usecase;
			sourceTree = "<group>";
		};
		638722EC28A95F8500A6ED7B /* Utility */ = {
			isa = PBXGroup;
			children = (
				6384EC4928AB2E0F00D1F821 /* Swift+Extension */,
				6384EC4828AB2E0000D1F821 /* UIKit+Extension */,
				638722ED28A95F9800A6ED7B /* Observable.swift */,
				63861ED128AAA3C10062A8BD /* ImageCache.swift */,
			);
			path = Utility;
			sourceTree = "<group>";
		};
		6388DE3128A6404E0011D47E = {
			isa = PBXGroup;
			children = (
				6388DE3C28A6404E0011D47E /* app-show-room */,
				633A925E28A7D15700B3435F /* iTunesAPITests */,
				63AA536528BF3DBA000FB5DD /* app-show-room-unitTest */,
				633500AC28CF5CA700398265 /* app-show-roomUITests */,
				6388DE3B28A6404E0011D47E /* Products */,
			);
			sourceTree = "<group>";
		};
		6388DE3B28A6404E0011D47E /* Products */ = {
			isa = PBXGroup;
			children = (
				6388DE3A28A6404E0011D47E /* app-show-room.app */,
				633A925D28A7D15700B3435F /* iTunesAPITests.xctest */,
				63AA536428BF3DBA000FB5DD /* app-show-room-unitTest.xctest */,
				633500AB28CF5CA700398265 /* app-show-roomUITests.xctest */,
			);
			name = Products;
			sourceTree = "<group>";
		};
		6388DE3C28A6404E0011D47E /* app-show-room */ = {
			isa = PBXGroup;
			children = (
				6388DE5228A6641E0011D47E /* App */,
				6388DE5428A664520011D47E /* Resource */,
				63861EBF28AA41F00062A8BD /* Scene */,
				6388DE5328A6643D0011D47E /* UIComponent */,
				6388DE5128A664150011D47E /* Model */,
				638722E628A948B700A6ED7B /* Usecase */,
				638722D928A8D3E600A6ED7B /* Repository */,
				6388DE5E28A6A5200011D47E /* Network */,
				638722EC28A95F8500A6ED7B /* Utility */,
				6388DE4B28A640500011D47E /* Info.plist */,
			);
			path = "app-show-room";
			sourceTree = "<group>";
		};
		6388DE5128A664150011D47E /* Model */ = {
			isa = PBXGroup;
			children = (
				6388DE5728A66BF70011D47E /* AppDetail.swift */,
				6388DE5C28A691820011D47E /* AppGenre.swift */,
			);
			path = Model;
			sourceTree = "<group>";
		};
		6388DE5228A6641E0011D47E /* App */ = {
			isa = PBXGroup;
			children = (
				6388DE3D28A6404E0011D47E /* AppDelegate.swift */,
				6388DE3F28A6404E0011D47E /* SceneDelegate.swift */,
			);
			path = App;
			sourceTree = "<group>";
		};
		6388DE5328A6643D0011D47E /* UIComponent */ = {
			isa = PBXGroup;
			children = (
				6384E5C728BCDA6000563FD5 /* CollectionViewCell */,
				63A764F728BDFF8C003B1EAA /* IconView.swift */,
				63A764FB28BE0C6E003B1EAA /* DownloadButtonView.swift */,
				635D695F28C321900002C755 /* TextSymbolView.swift */,
			);
			path = UIComponent;
			sourceTree = "<group>";
		};
		6388DE5428A664520011D47E /* Resource */ = {
			isa = PBXGroup;
			children = (
				6388DE4828A640500011D47E /* LaunchScreen.storyboard */,
				6388DE4628A640500011D47E /* Assets.xcassets */,
			);
			path = Resource;
			sourceTree = "<group>";
		};
		6388DE5B28A6907C0011D47E /* CommonNamespace */ = {
			isa = PBXGroup;
			children = (
				63861EBD28AA1D090062A8BD /* AlertViewModel.swift */,
				63A66F4B28C0889900F3B4D0 /* Text.swift */,
			);
			path = CommonNamespace;
			sourceTree = "<group>";
		};
		6388DE5E28A6A5200011D47E /* Network */ = {
			isa = PBXGroup;
			children = (
				633A925228A79C2500B3435F /* APIService.swift */,
				6388DE6128A6A56A0011D47E /* APIRequest.swift */,
				633A925628A7A44A00B3435F /* APIError.swift */,
				6388DE5F28A6A5430011D47E /* HTTPMethod.swift */,
				6388DE6328A6C6E50011D47E /* ItunesAPI */,
			);
			path = Network;
			sourceTree = "<group>";
		};
		6388DE6328A6C6E50011D47E /* ItunesAPI */ = {
			isa = PBXGroup;
			children = (
				63861EB728AA1ABC0062A8BD /* Entity */,
				633A925428A79E3D00B3435F /* iTunesAPIService.swift */,
				6388DE6628A6CAB70011D47E /* iTunesAPIRequest.swift */,
				6388DE6428A6C71E0011D47E /* AppLookupAPIRequest.swift */,
			);
			path = ItunesAPI;
			sourceTree = "<group>";
		};
		63AA536528BF3DBA000FB5DD /* app-show-room-unitTest */ = {
			isa = PBXGroup;
			children = (
				63AA536F28BF3DEC000FB5DD /* UtilityTest */,
			);
			path = "app-show-room-unitTest";
			sourceTree = "<group>";
		};
		63AA536F28BF3DEC000FB5DD /* UtilityTest */ = {
			isa = PBXGroup;
			children = (
				63AA537028BF3E15000FB5DD /* ByteFormattingTest.swift */,
				631F096828D0C539002419B7 /* numberFormattingTest.swift */,
			);
			path = UtilityTest;
			sourceTree = "<group>";
		};
/* End PBXGroup section */

/* Begin PBXNativeTarget section */
		633500AA28CF5CA700398265 /* app-show-roomUITests */ = {
			isa = PBXNativeTarget;
			buildConfigurationList = 633500B528CF5CA700398265 /* Build configuration list for PBXNativeTarget "app-show-roomUITests" */;
			buildPhases = (
				633500A728CF5CA700398265 /* Sources */,
				633500A828CF5CA700398265 /* Frameworks */,
				633500A928CF5CA700398265 /* Resources */,
			);
			buildRules = (
			);
			dependencies = (
				633500B228CF5CA700398265 /* PBXTargetDependency */,
			);
			name = "app-show-roomUITests";
			productName = "app-show-roomUITests";
			productReference = 633500AB28CF5CA700398265 /* app-show-roomUITests.xctest */;
			productType = "com.apple.product-type.bundle.ui-testing";
		};
		633A925C28A7D15700B3435F /* iTunesAPITests */ = {
			isa = PBXNativeTarget;
			buildConfigurationList = 633A926328A7D15700B3435F /* Build configuration list for PBXNativeTarget "iTunesAPITests" */;
			buildPhases = (
				633A925928A7D15700B3435F /* Sources */,
				633A925A28A7D15700B3435F /* Frameworks */,
				633A925B28A7D15700B3435F /* Resources */,
			);
			buildRules = (
			);
			dependencies = (
				633A926228A7D15700B3435F /* PBXTargetDependency */,
			);
			name = iTunesAPITests;
			productName = iTunesAPITests;
			productReference = 633A925D28A7D15700B3435F /* iTunesAPITests.xctest */;
			productType = "com.apple.product-type.bundle.unit-test";
		};
		6388DE3928A6404E0011D47E /* app-show-room */ = {
			isa = PBXNativeTarget;
			buildConfigurationList = 6388DE4E28A640500011D47E /* Build configuration list for PBXNativeTarget "app-show-room" */;
			buildPhases = (
				6388DE3628A6404E0011D47E /* Sources */,
				6388DE3728A6404E0011D47E /* Frameworks */,
				6388DE3828A6404E0011D47E /* Resources */,
			);
			buildRules = (
			);
			dependencies = (
			);
			name = "app-show-room";
			productName = "app-show-room";
			productReference = 6388DE3A28A6404E0011D47E /* app-show-room.app */;
			productType = "com.apple.product-type.application";
		};
		63AA536328BF3DBA000FB5DD /* app-show-room-unitTest */ = {
			isa = PBXNativeTarget;
			buildConfigurationList = 63AA536A28BF3DBA000FB5DD /* Build configuration list for PBXNativeTarget "app-show-room-unitTest" */;
			buildPhases = (
				63AA536028BF3DBA000FB5DD /* Sources */,
				63AA536128BF3DBA000FB5DD /* Frameworks */,
				63AA536228BF3DBA000FB5DD /* Resources */,
			);
			buildRules = (
			);
			dependencies = (
				63AA536928BF3DBA000FB5DD /* PBXTargetDependency */,
			);
			name = "app-show-room-unitTest";
			productName = "app-show-room-unitTest";
			productReference = 63AA536428BF3DBA000FB5DD /* app-show-room-unitTest.xctest */;
			productType = "com.apple.product-type.bundle.unit-test";
		};
/* End PBXNativeTarget section */

/* Begin PBXProject section */
		6388DE3228A6404E0011D47E /* Project object */ = {
			isa = PBXProject;
			attributes = {
				BuildIndependentTargetsInParallel = 1;
				LastSwiftUpdateCheck = 1340;
				LastUpgradeCheck = 1340;
				TargetAttributes = {
					633500AA28CF5CA700398265 = {
						CreatedOnToolsVersion = 13.4;
						TestTargetID = 6388DE3928A6404E0011D47E;
					};
					633A925C28A7D15700B3435F = {
						CreatedOnToolsVersion = 13.4;
						TestTargetID = 6388DE3928A6404E0011D47E;
					};
					6388DE3928A6404E0011D47E = {
						CreatedOnToolsVersion = 13.4;
					};
					63AA536328BF3DBA000FB5DD = {
						CreatedOnToolsVersion = 13.4;
						LastSwiftMigration = 1340;
						TestTargetID = 6388DE3928A6404E0011D47E;
					};
				};
			};
			buildConfigurationList = 6388DE3528A6404E0011D47E /* Build configuration list for PBXProject "app-show-room" */;
			compatibilityVersion = "Xcode 13.0";
			developmentRegion = en;
			hasScannedForEncodings = 0;
			knownRegions = (
				en,
				Base,
			);
			mainGroup = 6388DE3128A6404E0011D47E;
			productRefGroup = 6388DE3B28A6404E0011D47E /* Products */;
			projectDirPath = "";
			projectRoot = "";
			targets = (
				6388DE3928A6404E0011D47E /* app-show-room */,
				633A925C28A7D15700B3435F /* iTunesAPITests */,
				63AA536328BF3DBA000FB5DD /* app-show-room-unitTest */,
				633500AA28CF5CA700398265 /* app-show-roomUITests */,
			);
		};
/* End PBXProject section */

/* Begin PBXResourcesBuildPhase section */
		633500A928CF5CA700398265 /* Resources */ = {
			isa = PBXResourcesBuildPhase;
			buildActionMask = 2147483647;
			files = (
			);
			runOnlyForDeploymentPostprocessing = 0;
		};
		633A925B28A7D15700B3435F /* Resources */ = {
			isa = PBXResourcesBuildPhase;
			buildActionMask = 2147483647;
			files = (
				638722E228A9363600A6ED7B /* lookupAPIEmptyResultResponse.json in Resources */,
				633A926C28A7D94600B3435F /* lookupAPISuccessResponse.json in Resources */,
			);
			runOnlyForDeploymentPostprocessing = 0;
		};
		6388DE3828A6404E0011D47E /* Resources */ = {
			isa = PBXResourcesBuildPhase;
			buildActionMask = 2147483647;
			files = (
				6388DE4A28A640500011D47E /* LaunchScreen.storyboard in Resources */,
				6388DE4728A640500011D47E /* Assets.xcassets in Resources */,
			);
			runOnlyForDeploymentPostprocessing = 0;
		};
		63AA536228BF3DBA000FB5DD /* Resources */ = {
			isa = PBXResourcesBuildPhase;
			buildActionMask = 2147483647;
			files = (
			);
			runOnlyForDeploymentPostprocessing = 0;
		};
/* End PBXResourcesBuildPhase section */

/* Begin PBXSourcesBuildPhase section */
		633500A728CF5CA700398265 /* Sources */ = {
			isa = PBXSourcesBuildPhase;
			buildActionMask = 2147483647;
			files = (
				633500B028CF5CA700398265 /* app_show_roomUITestsLaunchTests.swift in Sources */,
				633500AE28CF5CA700398265 /* app_show_roomUITests.swift in Sources */,
			);
			runOnlyForDeploymentPostprocessing = 0;
		};
		633A925928A7D15700B3435F /* Sources */ = {
			isa = PBXSourcesBuildPhase;
			buildActionMask = 2147483647;
			files = (
				633A926B28A7D38B00B3435F /* ParsingTest.swift in Sources */,
				633A927028A7DDD200B3435F /* CacheTest.swift in Sources */,
				638722E028A9278800A6ED7B /* MockURLProtocol.swift in Sources */,
				638722DE28A926BB00A6ED7B /* iTunesAppDetailRepositoryTest.swift in Sources */,
				633A926928A7D32300B3435F /* XCTest+Extension.swift in Sources */,
			);
			runOnlyForDeploymentPostprocessing = 0;
		};
		6388DE3628A6404E0011D47E /* Sources */ = {
			isa = PBXSourcesBuildPhase;
			buildActionMask = 2147483647;
			files = (
				6395706128C624D6002D56CF /* TitleSupplementaryView.swift in Sources */,
				6384EC4B28AB2E6300D1F821 /* NSObject+Extension.swift in Sources */,
				633A925528A79E3D00B3435F /* iTunesAPIService.swift in Sources */,
				6384E5CC28BCE54600563FD5 /* LargeScreenshotCollectionViewCell.swift in Sources */,
				63AA535F28BEFD45000FB5DD /* String+Extension.swift in Sources */,
				6388DE4228A6404E0011D47E /* SearchViewController.swift in Sources */,
				6384EC5828AB7DB900D1F821 /* DescriptionCollectionViewCell.swift in Sources */,
				63075FC128C1D8590094E117 /* ReleaseNoteCollectionViewCellDesign.swift in Sources */,
				6388DE5A28A68E090011D47E /* AppSearchSceneNamespace.swift in Sources */,
				63861ECD28AA6F1D0062A8BD /* SignboardCollectionViewCell.swift in Sources */,
				6388DE6528A6C71E0011D47E /* AppLookupAPIRequest.swift in Sources */,
				6384EC8328AD221700D1F821 /* DescriptionCollectionViewCellDesign.swift in Sources */,
				63A764F828BDFF8C003B1EAA /* IconView.swift in Sources */,
				6384EC4D28AB2E7C00D1F821 /* UICollectionView+Extension.swift in Sources */,
				6388DE6028A6A5430011D47E /* HTTPMethod.swift in Sources */,
				633A925328A79C2500B3435F /* APIService.swift in Sources */,
				635D696428C32FED0002C755 /* SummaryCollectionViewCell.swift in Sources */,
				63861EB628AA10990062A8BD /* AppSearchViewModel.swift in Sources */,
				63861EC628AA43450062A8BD /* AppDetailViewModel.swift in Sources */,
				63075FBF28C1D7590094E117 /* ReleaseNoteCollectionViewCell.swift in Sources */,
				6384EC7C28AC800A00D1F821 /* UIView+Extension.swift in Sources */,
				63861ECF28AAA2530062A8BD /* UIImageView+Extension.swift in Sources */,
				6388DE3E28A6404E0011D47E /* AppDelegate.swift in Sources */,
				638722D828A8D3E100A6ED7B /* ItunesAppDetailRepository.swift in Sources */,
				63075FC528C1F3120094E117 /* AppDetailCollectionViewCellDesign.swift in Sources */,
				63861EB928AA1ACB0062A8BD /* App.swift in Sources */,
				63861ED228AAA3C10062A8BD /* ImageCache.swift in Sources */,
				63A66F4C28C0889900F3B4D0 /* Text.swift in Sources */,
				63A764FC28BE0C6E003B1EAA /* DownloadButtonView.swift in Sources */,
				63861EC928AA55630062A8BD /* BaseCollectionViewCell.swift in Sources */,
				6388DE5828A66BF70011D47E /* AppDetail.swift in Sources */,
				638722E828A948C900A6ED7B /* AppSearchUsecase.swift in Sources */,
				6384EC4728AB2D2800D1F821 /* ScreenshotCollectionViewCell.swift in Sources */,
				6384E5CE28BCED6E00563FD5 /* ScreenshotCollectionViewCellDesign.swift in Sources */,
				6388DE6728A6CAB70011D47E /* iTunesAPIRequest.swift in Sources */,
				6384EC7E28AC83B100D1F821 /* AppDetailViewController.swift in Sources */,
				635D696028C321900002C755 /* TextSymbolView.swift in Sources */,
				63F72DD828C79164000C789B /* AppDetailViewDesign.swift in Sources */,
				638722EE28A95F9800A6ED7B /* Observable.swift in Sources */,
				6384E5CA28BCDD3800563FD5 /* ScreenshotGalleryViewModel.swift in Sources */,
				6388DE4028A6404E0011D47E /* SceneDelegate.swift in Sources */,
				6384EC8528AD2A5C00D1F821 /* ScreenshotGalleryViewController.swift in Sources */,
				63861ED428AAA9950062A8BD /* UIImage+Extension.swift in Sources */,
				63861EBE28AA1D090062A8BD /* AlertViewModel.swift in Sources */,
				6384EC8128ACC5B200D1F821 /* SignboardCollectionViewCellDesign.swift in Sources */,
				63861EBB28AA1AF50062A8BD /* AppLookupResults.swift in Sources */,
				63A66F4E28C0C1FE00F3B4D0 /* LinkInformationCollectionViewCell.swift in Sources */,
				63AE68BE28C48477003068DD /* SummaryCollectionViewCellDesign.swift in Sources */,
				6388DE6228A6A56A0011D47E /* APIRequest.swift in Sources */,
				631F096B28D0D05C002419B7 /* PaddingTitleSupplementaryView.swift in Sources */,
				631F096528D088B3002419B7 /* Int+Extension.swift in Sources */,
				63075FC328C1F01C0094E117 /* LinkInformationCollectionViewCellDesign.swift in Sources */,
				6388DE5D28A691820011D47E /* AppGenre.swift in Sources */,
				633A925728A7A44A00B3435F /* APIError.swift in Sources */,
			);
			runOnlyForDeploymentPostprocessing = 0;
		};
		63AA536028BF3DBA000FB5DD /* Sources */ = {
			isa = PBXSourcesBuildPhase;
			buildActionMask = 2147483647;
			files = (
				63AA537128BF3E15000FB5DD /* ByteFormattingTest.swift in Sources */,
				631F096928D0C539002419B7 /* numberFormattingTest.swift in Sources */,
			);
			runOnlyForDeploymentPostprocessing = 0;
		};
/* End PBXSourcesBuildPhase section */

/* Begin PBXTargetDependency section */
		633500B228CF5CA700398265 /* PBXTargetDependency */ = {
			isa = PBXTargetDependency;
			target = 6388DE3928A6404E0011D47E /* app-show-room */;
			targetProxy = 633500B128CF5CA700398265 /* PBXContainerItemProxy */;
		};
		633A926228A7D15700B3435F /* PBXTargetDependency */ = {
			isa = PBXTargetDependency;
			target = 6388DE3928A6404E0011D47E /* app-show-room */;
			targetProxy = 633A926128A7D15700B3435F /* PBXContainerItemProxy */;
		};
		63AA536928BF3DBA000FB5DD /* PBXTargetDependency */ = {
			isa = PBXTargetDependency;
			target = 6388DE3928A6404E0011D47E /* app-show-room */;
			targetProxy = 63AA536828BF3DBA000FB5DD /* PBXContainerItemProxy */;
		};
/* End PBXTargetDependency section */

/* Begin PBXVariantGroup section */
		6388DE4828A640500011D47E /* LaunchScreen.storyboard */ = {
			isa = PBXVariantGroup;
			children = (
				6388DE4928A640500011D47E /* Base */,
			);
			name = LaunchScreen.storyboard;
			sourceTree = "<group>";
		};
/* End PBXVariantGroup section */

/* Begin XCBuildConfiguration section */
		633500B328CF5CA700398265 /* Debug */ = {
			isa = XCBuildConfiguration;
			buildSettings = {
				CODE_SIGN_STYLE = Automatic;
				CURRENT_PROJECT_VERSION = 1;
				DEVELOPMENT_TEAM = 3LTF5F2YL4;
				GENERATE_INFOPLIST_FILE = YES;
				MARKETING_VERSION = 1.0;
				PRODUCT_BUNDLE_IDENTIFIER = "com.YeahgDev.app-show-roomUITests";
				PRODUCT_NAME = "$(TARGET_NAME)";
				SWIFT_EMIT_LOC_STRINGS = NO;
				SWIFT_VERSION = 5.0;
				TARGETED_DEVICE_FAMILY = "1,2";
				TEST_TARGET_NAME = "app-show-room";
			};
			name = Debug;
		};
		633500B428CF5CA700398265 /* Release */ = {
			isa = XCBuildConfiguration;
			buildSettings = {
				CODE_SIGN_STYLE = Automatic;
				CURRENT_PROJECT_VERSION = 1;
				DEVELOPMENT_TEAM = 3LTF5F2YL4;
				GENERATE_INFOPLIST_FILE = YES;
				MARKETING_VERSION = 1.0;
				PRODUCT_BUNDLE_IDENTIFIER = "com.YeahgDev.app-show-roomUITests";
				PRODUCT_NAME = "$(TARGET_NAME)";
				SWIFT_EMIT_LOC_STRINGS = NO;
				SWIFT_VERSION = 5.0;
				TARGETED_DEVICE_FAMILY = "1,2";
				TEST_TARGET_NAME = "app-show-room";
			};
			name = Release;
		};
		633A926428A7D15700B3435F /* Debug */ = {
			isa = XCBuildConfiguration;
			buildSettings = {
				BUNDLE_LOADER = "$(TEST_HOST)";
				CODE_SIGN_STYLE = Automatic;
				CURRENT_PROJECT_VERSION = 1;
				DEVELOPMENT_TEAM = 3LTF5F2YL4;
				GENERATE_INFOPLIST_FILE = YES;
				MARKETING_VERSION = 1.0;
				PRODUCT_BUNDLE_IDENTIFIER = com.YeahgDev.iTunesAPITests;
				PRODUCT_NAME = "$(TARGET_NAME)";
				SWIFT_EMIT_LOC_STRINGS = NO;
				SWIFT_VERSION = 5.0;
				TARGETED_DEVICE_FAMILY = "1,2";
				TEST_HOST = "$(BUILT_PRODUCTS_DIR)/app-show-room.app/app-show-room";
			};
			name = Debug;
		};
		633A926528A7D15700B3435F /* Release */ = {
			isa = XCBuildConfiguration;
			buildSettings = {
				BUNDLE_LOADER = "$(TEST_HOST)";
				CODE_SIGN_STYLE = Automatic;
				CURRENT_PROJECT_VERSION = 1;
				DEVELOPMENT_TEAM = 3LTF5F2YL4;
				GENERATE_INFOPLIST_FILE = YES;
				MARKETING_VERSION = 1.0;
				PRODUCT_BUNDLE_IDENTIFIER = com.YeahgDev.iTunesAPITests;
				PRODUCT_NAME = "$(TARGET_NAME)";
				SWIFT_EMIT_LOC_STRINGS = NO;
				SWIFT_VERSION = 5.0;
				TARGETED_DEVICE_FAMILY = "1,2";
				TEST_HOST = "$(BUILT_PRODUCTS_DIR)/app-show-room.app/app-show-room";
			};
			name = Release;
		};
		6388DE4C28A640500011D47E /* Debug */ = {
			isa = XCBuildConfiguration;
			buildSettings = {
				ALWAYS_SEARCH_USER_PATHS = NO;
				CLANG_ANALYZER_NONNULL = YES;
				CLANG_ANALYZER_NUMBER_OBJECT_CONVERSION = YES_AGGRESSIVE;
				CLANG_CXX_LANGUAGE_STANDARD = "gnu++17";
				CLANG_ENABLE_MODULES = YES;
				CLANG_ENABLE_OBJC_ARC = YES;
				CLANG_ENABLE_OBJC_WEAK = YES;
				CLANG_WARN_BLOCK_CAPTURE_AUTORELEASING = YES;
				CLANG_WARN_BOOL_CONVERSION = YES;
				CLANG_WARN_COMMA = YES;
				CLANG_WARN_CONSTANT_CONVERSION = YES;
				CLANG_WARN_DEPRECATED_OBJC_IMPLEMENTATIONS = YES;
				CLANG_WARN_DIRECT_OBJC_ISA_USAGE = YES_ERROR;
				CLANG_WARN_DOCUMENTATION_COMMENTS = YES;
				CLANG_WARN_EMPTY_BODY = YES;
				CLANG_WARN_ENUM_CONVERSION = YES;
				CLANG_WARN_INFINITE_RECURSION = YES;
				CLANG_WARN_INT_CONVERSION = YES;
				CLANG_WARN_NON_LITERAL_NULL_CONVERSION = YES;
				CLANG_WARN_OBJC_IMPLICIT_RETAIN_SELF = YES;
				CLANG_WARN_OBJC_LITERAL_CONVERSION = YES;
				CLANG_WARN_OBJC_ROOT_CLASS = YES_ERROR;
				CLANG_WARN_QUOTED_INCLUDE_IN_FRAMEWORK_HEADER = YES;
				CLANG_WARN_RANGE_LOOP_ANALYSIS = YES;
				CLANG_WARN_STRICT_PROTOTYPES = YES;
				CLANG_WARN_SUSPICIOUS_MOVE = YES;
				CLANG_WARN_UNGUARDED_AVAILABILITY = YES_AGGRESSIVE;
				CLANG_WARN_UNREACHABLE_CODE = YES;
				CLANG_WARN__DUPLICATE_METHOD_MATCH = YES;
				COPY_PHASE_STRIP = NO;
				DEBUG_INFORMATION_FORMAT = dwarf;
				ENABLE_STRICT_OBJC_MSGSEND = YES;
				ENABLE_TESTABILITY = YES;
				GCC_C_LANGUAGE_STANDARD = gnu11;
				GCC_DYNAMIC_NO_PIC = NO;
				GCC_NO_COMMON_BLOCKS = YES;
				GCC_OPTIMIZATION_LEVEL = 0;
				GCC_PREPROCESSOR_DEFINITIONS = (
					"DEBUG=1",
					"$(inherited)",
				);
				GCC_WARN_64_TO_32_BIT_CONVERSION = YES;
				GCC_WARN_ABOUT_RETURN_TYPE = YES_ERROR;
				GCC_WARN_UNDECLARED_SELECTOR = YES;
				GCC_WARN_UNINITIALIZED_AUTOS = YES_AGGRESSIVE;
				GCC_WARN_UNUSED_FUNCTION = YES;
				GCC_WARN_UNUSED_VARIABLE = YES;
				IPHONEOS_DEPLOYMENT_TARGET = 15.5;
				MTL_ENABLE_DEBUG_INFO = INCLUDE_SOURCE;
				MTL_FAST_MATH = YES;
				ONLY_ACTIVE_ARCH = YES;
				SDKROOT = iphoneos;
				SWIFT_ACTIVE_COMPILATION_CONDITIONS = DEBUG;
				SWIFT_OPTIMIZATION_LEVEL = "-Onone";
			};
			name = Debug;
		};
		6388DE4D28A640500011D47E /* Release */ = {
			isa = XCBuildConfiguration;
			buildSettings = {
				ALWAYS_SEARCH_USER_PATHS = NO;
				CLANG_ANALYZER_NONNULL = YES;
				CLANG_ANALYZER_NUMBER_OBJECT_CONVERSION = YES_AGGRESSIVE;
				CLANG_CXX_LANGUAGE_STANDARD = "gnu++17";
				CLANG_ENABLE_MODULES = YES;
				CLANG_ENABLE_OBJC_ARC = YES;
				CLANG_ENABLE_OBJC_WEAK = YES;
				CLANG_WARN_BLOCK_CAPTURE_AUTORELEASING = YES;
				CLANG_WARN_BOOL_CONVERSION = YES;
				CLANG_WARN_COMMA = YES;
				CLANG_WARN_CONSTANT_CONVERSION = YES;
				CLANG_WARN_DEPRECATED_OBJC_IMPLEMENTATIONS = YES;
				CLANG_WARN_DIRECT_OBJC_ISA_USAGE = YES_ERROR;
				CLANG_WARN_DOCUMENTATION_COMMENTS = YES;
				CLANG_WARN_EMPTY_BODY = YES;
				CLANG_WARN_ENUM_CONVERSION = YES;
				CLANG_WARN_INFINITE_RECURSION = YES;
				CLANG_WARN_INT_CONVERSION = YES;
				CLANG_WARN_NON_LITERAL_NULL_CONVERSION = YES;
				CLANG_WARN_OBJC_IMPLICIT_RETAIN_SELF = YES;
				CLANG_WARN_OBJC_LITERAL_CONVERSION = YES;
				CLANG_WARN_OBJC_ROOT_CLASS = YES_ERROR;
				CLANG_WARN_QUOTED_INCLUDE_IN_FRAMEWORK_HEADER = YES;
				CLANG_WARN_RANGE_LOOP_ANALYSIS = YES;
				CLANG_WARN_STRICT_PROTOTYPES = YES;
				CLANG_WARN_SUSPICIOUS_MOVE = YES;
				CLANG_WARN_UNGUARDED_AVAILABILITY = YES_AGGRESSIVE;
				CLANG_WARN_UNREACHABLE_CODE = YES;
				CLANG_WARN__DUPLICATE_METHOD_MATCH = YES;
				COPY_PHASE_STRIP = NO;
				DEBUG_INFORMATION_FORMAT = "dwarf-with-dsym";
				ENABLE_NS_ASSERTIONS = NO;
				ENABLE_STRICT_OBJC_MSGSEND = YES;
				GCC_C_LANGUAGE_STANDARD = gnu11;
				GCC_NO_COMMON_BLOCKS = YES;
				GCC_WARN_64_TO_32_BIT_CONVERSION = YES;
				GCC_WARN_ABOUT_RETURN_TYPE = YES_ERROR;
				GCC_WARN_UNDECLARED_SELECTOR = YES;
				GCC_WARN_UNINITIALIZED_AUTOS = YES_AGGRESSIVE;
				GCC_WARN_UNUSED_FUNCTION = YES;
				GCC_WARN_UNUSED_VARIABLE = YES;
				IPHONEOS_DEPLOYMENT_TARGET = 15.5;
				MTL_ENABLE_DEBUG_INFO = NO;
				MTL_FAST_MATH = YES;
				SDKROOT = iphoneos;
				SWIFT_COMPILATION_MODE = wholemodule;
				SWIFT_OPTIMIZATION_LEVEL = "-O";
				VALIDATE_PRODUCT = YES;
			};
			name = Release;
		};
		6388DE4F28A640500011D47E /* Debug */ = {
			isa = XCBuildConfiguration;
			buildSettings = {
				ASSETCATALOG_COMPILER_APPICON_NAME = AppIcon;
				ASSETCATALOG_COMPILER_GLOBAL_ACCENT_COLOR_NAME = AccentColor;
				CODE_SIGN_STYLE = Automatic;
				CURRENT_PROJECT_VERSION = 1;
				DEVELOPMENT_TEAM = 3LTF5F2YL4;
				GENERATE_INFOPLIST_FILE = YES;
				INFOPLIST_FILE = "app-show-room/Info.plist";
				INFOPLIST_KEY_UIApplicationSupportsIndirectInputEvents = YES;
				INFOPLIST_KEY_UILaunchStoryboardName = LaunchScreen;
				INFOPLIST_KEY_UISupportedInterfaceOrientations_iPad = "UIInterfaceOrientationPortrait UIInterfaceOrientationPortraitUpsideDown UIInterfaceOrientationLandscapeLeft UIInterfaceOrientationLandscapeRight";
				INFOPLIST_KEY_UISupportedInterfaceOrientations_iPhone = "UIInterfaceOrientationPortrait UIInterfaceOrientationLandscapeLeft UIInterfaceOrientationLandscapeRight";
				LD_RUNPATH_SEARCH_PATHS = (
					"$(inherited)",
					"@executable_path/Frameworks",
				);
				MARKETING_VERSION = 1.0;
				PRODUCT_BUNDLE_IDENTIFIER = "com.YeahgDev.app-show-room";
				PRODUCT_NAME = "$(TARGET_NAME)";
				SWIFT_EMIT_LOC_STRINGS = YES;
				SWIFT_VERSION = 5.0;
				TARGETED_DEVICE_FAMILY = "1,2";
			};
			name = Debug;
		};
		6388DE5028A640500011D47E /* Release */ = {
			isa = XCBuildConfiguration;
			buildSettings = {
				ASSETCATALOG_COMPILER_APPICON_NAME = AppIcon;
				ASSETCATALOG_COMPILER_GLOBAL_ACCENT_COLOR_NAME = AccentColor;
				CODE_SIGN_STYLE = Automatic;
				CURRENT_PROJECT_VERSION = 1;
				DEVELOPMENT_TEAM = 3LTF5F2YL4;
				GENERATE_INFOPLIST_FILE = YES;
				INFOPLIST_FILE = "app-show-room/Info.plist";
				INFOPLIST_KEY_UIApplicationSupportsIndirectInputEvents = YES;
				INFOPLIST_KEY_UILaunchStoryboardName = LaunchScreen;
				INFOPLIST_KEY_UISupportedInterfaceOrientations_iPad = "UIInterfaceOrientationPortrait UIInterfaceOrientationPortraitUpsideDown UIInterfaceOrientationLandscapeLeft UIInterfaceOrientationLandscapeRight";
				INFOPLIST_KEY_UISupportedInterfaceOrientations_iPhone = "UIInterfaceOrientationPortrait UIInterfaceOrientationLandscapeLeft UIInterfaceOrientationLandscapeRight";
				LD_RUNPATH_SEARCH_PATHS = (
					"$(inherited)",
					"@executable_path/Frameworks",
				);
				MARKETING_VERSION = 1.0;
				PRODUCT_BUNDLE_IDENTIFIER = "com.YeahgDev.app-show-room";
				PRODUCT_NAME = "$(TARGET_NAME)";
				SWIFT_EMIT_LOC_STRINGS = YES;
				SWIFT_VERSION = 5.0;
				TARGETED_DEVICE_FAMILY = "1,2";
			};
			name = Release;
		};
		63AA536B28BF3DBA000FB5DD /* Debug */ = {
			isa = XCBuildConfiguration;
			buildSettings = {
				BUNDLE_LOADER = "$(TEST_HOST)";
				CLANG_ENABLE_MODULES = YES;
				CODE_SIGN_STYLE = Automatic;
				CURRENT_PROJECT_VERSION = 1;
				DEVELOPMENT_TEAM = 3LTF5F2YL4;
				GENERATE_INFOPLIST_FILE = YES;
				LD_RUNPATH_SEARCH_PATHS = (
					"$(inherited)",
					"@executable_path/Frameworks",
					"@loader_path/Frameworks",
				);
				MARKETING_VERSION = 1.0;
				PRODUCT_BUNDLE_IDENTIFIER = "com.YeahgDev.app-show-room-unitTest";
				PRODUCT_NAME = "$(TARGET_NAME)";
				SWIFT_EMIT_LOC_STRINGS = NO;
				SWIFT_OPTIMIZATION_LEVEL = "-Onone";
				SWIFT_VERSION = 5.0;
				TARGETED_DEVICE_FAMILY = "1,2";
				TEST_HOST = "$(BUILT_PRODUCTS_DIR)/app-show-room.app/app-show-room";
			};
			name = Debug;
		};
		63AA536C28BF3DBA000FB5DD /* Release */ = {
			isa = XCBuildConfiguration;
			buildSettings = {
				BUNDLE_LOADER = "$(TEST_HOST)";
				CLANG_ENABLE_MODULES = YES;
				CODE_SIGN_STYLE = Automatic;
				CURRENT_PROJECT_VERSION = 1;
				DEVELOPMENT_TEAM = 3LTF5F2YL4;
				GENERATE_INFOPLIST_FILE = YES;
				LD_RUNPATH_SEARCH_PATHS = (
					"$(inherited)",
					"@executable_path/Frameworks",
					"@loader_path/Frameworks",
				);
				MARKETING_VERSION = 1.0;
				PRODUCT_BUNDLE_IDENTIFIER = "com.YeahgDev.app-show-room-unitTest";
				PRODUCT_NAME = "$(TARGET_NAME)";
				SWIFT_EMIT_LOC_STRINGS = NO;
				SWIFT_VERSION = 5.0;
				TARGETED_DEVICE_FAMILY = "1,2";
				TEST_HOST = "$(BUILT_PRODUCTS_DIR)/app-show-room.app/app-show-room";
			};
			name = Release;
		};
/* End XCBuildConfiguration section */

/* Begin XCConfigurationList section */
		633500B528CF5CA700398265 /* Build configuration list for PBXNativeTarget "app-show-roomUITests" */ = {
			isa = XCConfigurationList;
			buildConfigurations = (
				633500B328CF5CA700398265 /* Debug */,
				633500B428CF5CA700398265 /* Release */,
			);
			defaultConfigurationIsVisible = 0;
			defaultConfigurationName = Release;
		};
		633A926328A7D15700B3435F /* Build configuration list for PBXNativeTarget "iTunesAPITests" */ = {
			isa = XCConfigurationList;
			buildConfigurations = (
				633A926428A7D15700B3435F /* Debug */,
				633A926528A7D15700B3435F /* Release */,
			);
			defaultConfigurationIsVisible = 0;
			defaultConfigurationName = Release;
		};
		6388DE3528A6404E0011D47E /* Build configuration list for PBXProject "app-show-room" */ = {
			isa = XCConfigurationList;
			buildConfigurations = (
				6388DE4C28A640500011D47E /* Debug */,
				6388DE4D28A640500011D47E /* Release */,
			);
			defaultConfigurationIsVisible = 0;
			defaultConfigurationName = Release;
		};
		6388DE4E28A640500011D47E /* Build configuration list for PBXNativeTarget "app-show-room" */ = {
			isa = XCConfigurationList;
			buildConfigurations = (
				6388DE4F28A640500011D47E /* Debug */,
				6388DE5028A640500011D47E /* Release */,
			);
			defaultConfigurationIsVisible = 0;
			defaultConfigurationName = Release;
		};
		63AA536A28BF3DBA000FB5DD /* Build configuration list for PBXNativeTarget "app-show-room-unitTest" */ = {
			isa = XCConfigurationList;
			buildConfigurations = (
				63AA536B28BF3DBA000FB5DD /* Debug */,
				63AA536C28BF3DBA000FB5DD /* Release */,
			);
			defaultConfigurationIsVisible = 0;
			defaultConfigurationName = Release;
		};
/* End XCConfigurationList section */
	};
	rootObject = 6388DE3228A6404E0011D47E /* Project object */;
}
